<?xml version="1.0" encoding="utf-8"?>
<Project ToolsVersion="4.0" xmlns="http://schemas.microsoft.com/developer/msbuild/2003">
  <ItemGroup>
    <Filter Include="ソース ファイル">
      <UniqueIdentifier>{4FC737F1-C7A5-4376-A066-2A32D752A2FF}</UniqueIdentifier>
      <Extensions>cpp;c;cc;cxx;def;odl;idl;hpj;bat;asm;asmx</Extensions>
    </Filter>
    <Filter Include="必須ファイル">
      <UniqueIdentifier>{8b6e907f-e2fa-4c59-8d43-2781ab03ee67}</UniqueIdentifier>
    </Filter>
    <Filter Include="ソース ファイル\_Interface">
      <UniqueIdentifier>{ef4f9903-18cb-4124-92cc-62b2f9742aff}</UniqueIdentifier>
    </Filter>
    <Filter Include="ソース ファイル\_DllExport">
      <UniqueIdentifier>{f711d84f-76c3-4ea2-873b-ea1026b8ddfc}</UniqueIdentifier>
    </Filter>
    <Filter Include="ソース ファイル\DX12Wrapper">
      <UniqueIdentifier>{4a88bd12-1c43-45df-ad7d-5d0504ce3385}</UniqueIdentifier>
    </Filter>
    <Filter Include="ソース ファイル\GraphicPipeline">
      <UniqueIdentifier>{754d2f53-e11f-4c28-bf7d-d1aee55fd72c}</UniqueIdentifier>
    </Filter>
    <Filter Include="ソース ファイル\Shader">
      <UniqueIdentifier>{48d82dfc-e514-401e-9694-11f276fd3fd7}</UniqueIdentifier>
    </Filter>
    <Filter Include="ソース ファイル\Texture">
      <UniqueIdentifier>{9953b338-d6c3-41d7-830e-e3d64adb1c2d}</UniqueIdentifier>
    </Filter>
    <Filter Include="ソース ファイル\DefaultAsset">
      <UniqueIdentifier>{8460dfa5-711e-4983-a629-ba9aa8eeb8ab}</UniqueIdentifier>
    </Filter>
    <Filter Include="ソース ファイル\VertexData">
      <UniqueIdentifier>{81c1cf63-33cd-4e62-aeb3-d998595e52f7}</UniqueIdentifier>
    </Filter>
    <Filter Include="ソース ファイル\Shape">
      <UniqueIdentifier>{e263af4d-1f74-4ecf-b83a-8a0221a45231}</UniqueIdentifier>
    </Filter>
    <Filter Include="ソース ファイル\Materials">
      <UniqueIdentifier>{d827f45a-b662-4e7d-a7f8-7ca5f8ac5256}</UniqueIdentifier>
    </Filter>
  </ItemGroup>
  <ItemGroup>
    <ClInclude Include="Private\framework.h">
      <Filter>必須ファイル</Filter>
    </ClInclude>
    <ClInclude Include="Private\pch.h">
      <Filter>必須ファイル</Filter>
    </ClInclude>
    <ClInclude Include="Private\GraphicPipeline.h">
      <Filter>ソース ファイル\GraphicPipeline</Filter>
    </ClInclude>
    <ClInclude Include="Public\GraphicPipelineDesc.h">
      <Filter>ソース ファイル\_Interface</Filter>
    </ClInclude>
    <ClInclude Include="Private\DX12Wrapper.h">
      <Filter>ソース ファイル\DX12Wrapper</Filter>
    </ClInclude>
    <ClInclude Include="Public\DXWrapper.h">
      <Filter>ソース ファイル\_DllExport</Filter>
    </ClInclude>
    <ClInclude Include="Public\IGraphicWrapper.h">
      <Filter>ソース ファイル\_Interface</Filter>
    </ClInclude>
    <ClInclude Include="Private\DXBase.h" />
    <ClInclude Include="Private\Shader.h">
      <Filter>ソース ファイル\Shader</Filter>
    </ClInclude>
    <ClInclude Include="Private\InnerGraphicPipelineDesc.h">
      <Filter>ソース ファイル\GraphicPipeline</Filter>
    </ClInclude>
    <ClInclude Include="Private\Texture.h">
      <Filter>ソース ファイル\Texture</Filter>
    </ClInclude>
    <ClInclude Include="Private\DefaultAsset.h">
      <Filter>ソース ファイル\DefaultAsset</Filter>
    </ClInclude>
    <ClInclude Include="Private\Shape.h">
      <Filter>ソース ファイル\Shape</Filter>
    </ClInclude>
    <ClInclude Include="Public\AssetID.h">
      <Filter>ソース ファイル\_Interface</Filter>
    </ClInclude>
    <ClInclude Include="Public\Material.h">
      <Filter>ソース ファイル\Materials</Filter>
    </ClInclude>
    <ClInclude Include="Public\IMaterial.h">
      <Filter>ソース ファイル\_Interface</Filter>
    </ClInclude>
    <ClInclude Include="Public\IDeletable.h">
      <Filter>ソース ファイル\_Interface</Filter>
    </ClInclude>
    <ClInclude Include="Public\ITexture.h">
      <Filter>ソース ファイル\_Interface</Filter>
    </ClInclude>
  </ItemGroup>
  <ItemGroup>
    <ClCompile Include="Private\dllmain.cpp">
      <Filter>必須ファイル</Filter>
    </ClCompile>
    <ClCompile Include="Private\pch.cpp">
      <Filter>必須ファイル</Filter>
    </ClCompile>
    <ClCompile Include="Private\GraphicPipeline.cpp">
      <Filter>ソース ファイル\GraphicPipeline</Filter>
    </ClCompile>
    <ClCompile Include="Private\Graphic.cpp">
      <Filter>ソース ファイル\DX12Wrapper</Filter>
    </ClCompile>
    <ClCompile Include="Private\DX12Wrapper.cpp">
      <Filter>ソース ファイル\DX12Wrapper</Filter>
    </ClCompile>
    <ClCompile Include="Private\DXWrapper.cpp">
      <Filter>ソース ファイル\_DllExport</Filter>
    </ClCompile>
    <ClCompile Include="Private\Shader.cpp">
      <Filter>ソース ファイル\Shader</Filter>
    </ClCompile>
    <ClCompile Include="Private\Texture.cpp">
      <Filter>ソース ファイル\Texture</Filter>
    </ClCompile>
    <ClCompile Include="Private\Shape.cpp">
      <Filter>ソース ファイル\Shape</Filter>
    </ClCompile>
    <ClCompile Include="Private\Material.cpp">
      <Filter>ソース ファイル\Materials</Filter>
    </ClCompile>
  </ItemGroup>
</Project>