<?xml version="1.0" encoding="utf-8"?>
<Project ToolsVersion="4.0" xmlns="http://schemas.microsoft.com/developer/msbuild/2003">
  <ItemGroup>
    <Filter Include="ソース ファイル">
      <UniqueIdentifier>{4FC737F1-C7A5-4376-A066-2A32D752A2FF}</UniqueIdentifier>
      <Extensions>cpp;c;cc;cxx;def;odl;idl;hpj;bat;asm;asmx</Extensions>
    </Filter>
    <Filter Include="必須ファイル">
      <UniqueIdentifier>{93995380-89BD-4b04-88EB-625FBE52EBFB}</UniqueIdentifier>
      <Extensions>h;hh;hpp;hxx;hm;inl;inc;ipp;xsd</Extensions>
    </Filter>
    <Filter Include="ソース ファイル\Rect">
      <UniqueIdentifier>{4bcb1e49-c19b-4fb8-a456-eb0f5a1ab69b}</UniqueIdentifier>
    </Filter>
    <Filter Include="ソース ファイル\Path">
      <UniqueIdentifier>{5bc7104f-fe9c-4295-83bd-4b225976c0f9}</UniqueIdentifier>
    </Filter>
    <Filter Include="ソース ファイル\Random">
      <UniqueIdentifier>{b7cdb3cb-edff-4bda-8029-d3a1a53607a4}</UniqueIdentifier>
    </Filter>
    <Filter Include="ソース ファイル\Vector">
      <UniqueIdentifier>{e198bf6b-210e-4c3d-821c-1fe2f391df0e}</UniqueIdentifier>
    </Filter>
    <Filter Include="ソース ファイル\Input">
      <UniqueIdentifier>{9cb19be1-adae-4213-aa0d-7e2234b60bd2}</UniqueIdentifier>
    </Filter>
    <Filter Include="ソース ファイル\Object">
      <UniqueIdentifier>{216d1a60-94ce-44ae-92d9-b5279fb24a30}</UniqueIdentifier>
    </Filter>
    <Filter Include="ソース ファイル\Tab">
      <UniqueIdentifier>{212d673a-ee01-401f-bf55-2f620e9c0d2d}</UniqueIdentifier>
    </Filter>
    <Filter Include="ソース ファイル\_Common">
      <UniqueIdentifier>{a7073d66-aaf3-4e4f-bc8c-5fe590cc1bfd}</UniqueIdentifier>
    </Filter>
    <Filter Include="ソース ファイル\Color">
      <UniqueIdentifier>{c7de2d43-d599-4aeb-b43b-9f6235d6b80f}</UniqueIdentifier>
    </Filter>
  </ItemGroup>
  <ItemGroup>
    <ClInclude Include="Public\Input.h">
      <Filter>ソース ファイル\Input</Filter>
    </ClInclude>
    <ClInclude Include="Public\Object.h">
      <Filter>ソース ファイル\Object</Filter>
    </ClInclude>
    <ClInclude Include="Public\Path.h">
      <Filter>ソース ファイル\Path</Filter>
    </ClInclude>
    <ClInclude Include="Public\Random.h">
      <Filter>ソース ファイル\Random</Filter>
    </ClInclude>
    <ClInclude Include="Public\Rect.h">
      <Filter>ソース ファイル\Rect</Filter>
    </ClInclude>
    <ClInclude Include="Public\Vector2.h">
      <Filter>ソース ファイル\Vector</Filter>
    </ClInclude>
    <ClInclude Include="Public\Vector3.h">
      <Filter>ソース ファイル\Vector</Filter>
    </ClInclude>
    <ClInclude Include="Public\OrigamiAPI.h">
      <Filter>ソース ファイル</Filter>
    </ClInclude>
    <ClInclude Include="Public\ITab.h">
      <Filter>ソース ファイル\Tab</Filter>
    </ClInclude>
    <ClInclude Include="Public\ITabBuilder.h">
      <Filter>ソース ファイル\Tab</Filter>
    </ClInclude>
    <ClInclude Include="Public\Color.h">
      <Filter>ソース ファイル\Color</Filter>
    </ClInclude>
    <ClInclude Include="Private\framework.h">
      <Filter>必須ファイル</Filter>
    </ClInclude>
    <ClInclude Include="Private\pch.h">
      <Filter>必須ファイル</Filter>
    </ClInclude>
    <ClInclude Include="..\Common\Singleton.h">
      <Filter>ソース ファイル\_Common</Filter>
    </ClInclude>
    <ClInclude Include="..\Common\Prerequisites.h">
      <Filter>ソース ファイル\_Common</Filter>
    </ClInclude>
  </ItemGroup>
  <ItemGroup>
    <ClCompile Include="Private\Input.cpp">
      <Filter>ソース ファイル\Input</Filter>
    </ClCompile>
    <ClCompile Include="Private\Object.cpp">
      <Filter>ソース ファイル\Object</Filter>
    </ClCompile>
    <ClCompile Include="Private\Path.cpp">
      <Filter>ソース ファイル\Path</Filter>
    </ClCompile>
    <ClCompile Include="Private\Random.cpp">
      <Filter>ソース ファイル\Random</Filter>
    </ClCompile>
    <ClCompile Include="Private\Rect.cpp">
      <Filter>ソース ファイル\Rect</Filter>
    </ClCompile>
    <ClCompile Include="Private\Color.cpp">
      <Filter>ソース ファイル\Color</Filter>
    </ClCompile>
    <ClCompile Include="Private\OrigamiAPI.cpp">
      <Filter>必須ファイル</Filter>
    </ClCompile>
    <ClCompile Include="Private\pch.cpp">
      <Filter>必須ファイル</Filter>
    </ClCompile>
  </ItemGroup>
</Project>